
Microsoft Visual Studio Solution File, Format Version 12.00
# Visual Studio Version 16
VisualStudioVersion = 16.0.809.1
MinimumVisualStudioVersion = 10.0.40219.1
Project("{FAE04EC0-301F-11D3-BF4B-00C04F79EFBC}") = "TestApp", "TestApp\TestApp.csproj", "{0153D6D7-581E-47C6-B24F-375F6A9E3EA4}"
EndProject
Project("{FAE04EC0-301F-11D3-BF4B-00C04F79EFBC}") = "TestLib", "TestLib\TestLib.csproj", "{95BE3E37-A104-4C6B-8D01-42B74BA78D69}"
EndProject
Global
	GlobalSection(SolutionConfigurationPlatforms) = preSolution
		Debug|Any CPU = Debug|Any CPU
		Release|Any CPU = Release|Any CPU
	EndGlobalSection
	GlobalSection(ProjectConfigurationPlatforms) = postSolution
		{0153D6D7-581E-47C6-B24F-375F6A9E3EA4}.Debug|Any CPU.ActiveCfg = Debug|Any CPU
		{0153D6D7-581E-47C6-B24F-375F6A9E3EA4}.Debug|Any CPU.Build.0 = Debug|Any CPU
		{0153D6D7-581E-47C6-B24F-375F6A9E3EA4}.Release|Any CPU.ActiveCfg = Release|Any CPU
		{0153D6D7-581E-47C6-B24F-375F6A9E3EA4}.Release|Any CPU.Build.0 = Release|Any CPU
		{95BE3E37-A104-4C6B-8D01-42B74BA78D69}.Debug|Any CPU.ActiveCfg = Debug|Any CPU
		{95BE3E37-A104-4C6B-8D01-42B74BA78D69}.Debug|Any CPU.Build.0 = Debug|Any CPU
		{95BE3E37-A104-4C6B-8D01-42B74BA78D69}.Release|Any CPU.ActiveCfg = Release|Any CPU
		{95BE3E37-A104-4C6B-8D01-42B74BA78D69}.Release|Any CPU.Build.0 = Release|Any CPU
	EndGlobalSection
	GlobalSection(SolutionProperties) = preSolution
		HideSolutionNode = FALSE
	EndGlobalSection
	GlobalSection(ExtensibilityGlobals) = postSolution
		SolutionGuid = {A90D1256-2B9C-4844-8549-ECB4F98E8C9D}
	EndGlobalSection
EndGlobal
